github.com/google/go-cmp v0.6.0 h1:ofyhxvXcZhMsU5ulbFiLKl/XBFqE1GSq7atu8tAmTRI=
github.com/google/go-cmp v0.6.0/go.mod h1:17dUlkBOakJ0+DkrSSNjCkIjxS6bF9zb3elmeNGIjoY=
github.com/nrf110/connectrpc-permit v0.0.0-20241001002949-758d979343de h1:+E3LCBcsZuykxyf0MWWkkD2kRYwXSV1qhiNtQdLH/3k=
github.com/nrf110/connectrpc-permit v0.0.0-20241001002949-758d979343de/go.mod h1:4lUJRdkJrJ+5tI/fkvyXW1hrYdIkTo9jADDgqULpMXs=
google.golang.org/protobuf v1.34.2 h1:6xV6lTsCfpGD21XK49h7MhtcApnLqkfYgPcdHftf6hg=
google.golang.org/protobuf v1.34.2/go.mod h1:qYOHts0dSfpeUzUFpOMr/WGzszTmLH+DiWniOlNbLDw=
